PODS:
  - Flutter (1.0.0)
  - flutter_iot_wifi (0.0.1):
    - Flutter
  - permission_handler_apple (9.1.1):
    - Flutter
  - wifi_scan (0.0.1):
    - Flutter

DEPENDENCIES:
  - Flutter (from `Flutter`)
  - flutter_iot_wifi (from `.symlinks/plugins/flutter_iot_wifi/ios`)
  - permission_handler_apple (from `.symlinks/plugins/permission_handler_apple/ios`)
  - wifi_scan (from `.symlinks/plugins/wifi_scan/ios`)

EXTERNAL SOURCES:
  Flutter:
    :path: Flutter
  flutter_iot_wifi:
    :path: ".symlinks/plugins/flutter_iot_wifi/ios"
  permission_handler_apple:
    :path: ".symlinks/plugins/permission_handler_apple/ios"
  wifi_scan:
    :path: ".symlinks/plugins/wifi_scan/ios"

SPEC CHECKSUMS:
  Flutter: f04841e97a9d0b0a8025694d0796dd46242b2854
  flutter_iot_wifi: 1e798012ff737e8af6d109740136068c5916e512
  permission_handler_apple: e76247795d700c14ea09e3a2d8855d41ee80a2e6
  wifi_scan: 6d20b3b4f59bbad1ddcf3e241560f3acd62f6cbe

PODFILE CHECKSUM: 70d9d25280d0dd177a5f637cdb0f0b0b12c6a189

COCOAPODS: 1.13.0
